
Microsoft Visual Studio Solution File, Format Version 12.00
# Visual Studio 15
VisualStudioVersion = 15.0.27428.2015
MinimumVisualStudioVersion = 10.0.40219.1
Project("{FAE04EC0-301F-11D3-BF4B-00C04F79EFBC}") = "SortingAlgorithm", "SortingAlgorithm\SortingAlgorithm.csproj", "{FF183A7B-D82D-4630-9391-2507DE5513CA}"
EndProject
Global
	GlobalSection(SolutionConfigurationPlatforms) = preSolution
		Debug|Any CPU = Debug|Any CPU
		Release|Any CPU = Release|Any CPU
	EndGlobalSection
	GlobalSection(ProjectConfigurationPlatforms) = postSolution
		{FF183A7B-D82D-4630-9391-2507DE5513CA}.Debug|Any CPU.ActiveCfg = Debug|Any CPU
		{FF183A7B-D82D-4630-9391-2507DE5513CA}.Debug|Any CPU.Build.0 = Debug|Any CPU
		{FF183A7B-D82D-4630-9391-2507DE5513CA}.Release|Any CPU.ActiveCfg = Release|Any CPU
		{FF183A7B-D82D-4630-9391-2507DE5513CA}.Release|Any CPU.Build.0 = Release|Any CPU
	EndGlobalSection
	GlobalSection(SolutionProperties) = preSolution
		HideSolutionNode = FALSE
	EndGlobalSection
	GlobalSection(ExtensibilityGlobals) = postSolution
		SolutionGuid = {0252CC36-E524-4767-A47A-4B202239C8B0}
	EndGlobalSection
EndGlobal
