
Microsoft Visual Studio Solution File, Format Version 12.00
# Visual Studio 15
VisualStudioVersion = 15.0.27428.2015
MinimumVisualStudioVersion = 10.0.40219.1
Project("{FAE04EC0-301F-11D3-BF4B-00C04F79EFBC}") = "VapeCalc", "VapeCalc\VapeCalc.csproj", "{ADB22EDA-B665-401E-BC89-31B272A43249}"
EndProject
Global
	GlobalSection(SolutionConfigurationPlatforms) = preSolution
		Debug|Any CPU = Debug|Any CPU
		Release|Any CPU = Release|Any CPU
	EndGlobalSection
	GlobalSection(ProjectConfigurationPlatforms) = postSolution
		{ADB22EDA-B665-401E-BC89-31B272A43249}.Debug|Any CPU.ActiveCfg = Debug|Any CPU
		{ADB22EDA-B665-401E-BC89-31B272A43249}.Debug|Any CPU.Build.0 = Debug|Any CPU
		{ADB22EDA-B665-401E-BC89-31B272A43249}.Release|Any CPU.ActiveCfg = Release|Any CPU
		{ADB22EDA-B665-401E-BC89-31B272A43249}.Release|Any CPU.Build.0 = Release|Any CPU
	EndGlobalSection
	GlobalSection(SolutionProperties) = preSolution
		HideSolutionNode = FALSE
	EndGlobalSection
	GlobalSection(ExtensibilityGlobals) = postSolution
		SolutionGuid = {ADEE35A0-87FE-4A22-BDDB-C471163344F5}
	EndGlobalSection
EndGlobal
